
Microsoft Visual Studio Solution File, Format Version 12.00
# Visual Studio Version 17
VisualStudioVersion = 17.0.31903.59
MinimumVisualStudioVersion = 10.0.40219.1
Project("{FAE04EC0-301F-11D3-BF4B-00C04F79EFBC}") = "SolToBoogie", "SolToBoogie\SolToBoogie.csproj", "{D3BE6FCA-8B6F-4C36-98E0-5A3309806EE6}"
EndProject
Project("{FAE04EC0-301F-11D3-BF4B-00C04F79EFBC}") = "SolidityAST", "SolidityAST\SolidityAST.csproj", "{D358919B-8BAC-4D8D-9466-FBF7E1E39AAF}"
EndProject
Project("{FAE04EC0-301F-11D3-BF4B-00C04F79EFBC}") = "BoogieAST", "BoogieAST\BoogieAST.csproj", "{332778F9-6DEB-41E1-A96D-BB8FDF6E020C}"
EndProject
Project("{FAE04EC0-301F-11D3-BF4B-00C04F79EFBC}") = "SolidityCFG", "SolidityCFG\SolidityCFG.csproj", "{757411ED-83E4-49C3-8150-07E51A4A5CB6}"
EndProject
Project("{FAE04EC0-301F-11D3-BF4B-00C04F79EFBC}") = "SolToBoogieTest", "SolToBoogieTest\SolToBoogieTest.csproj", "{D67677A3-5505-4D98-B3C7-7A9CAAFE8A13}"
EndProject
Project("{FAE04EC0-301F-11D3-BF4B-00C04F79EFBC}") = "VeriSol", "VeriSol\VeriSol.csproj", "{07B6675E-BAF3-4F53-AE91-937C1F24BACD}"
EndProject
Project("{FAE04EC0-301F-11D3-BF4B-00C04F79EFBC}") = "ExternalToolsManager", "ExternalToolsManager\ExternalToolsManager.csproj", "{9BFB9B0F-6A4C-44F6-9C41-5077BD57C2B4}"
EndProject
Project("{FAE04EC0-301F-11D3-BF4B-00C04F79EFBC}") = "SolidityAnalysis", "SolidityAnalysis\SolidityAnalysis.csproj", "{6905D65B-D06F-4AB0-AD13-0CA50BEE813C}"
EndProject
Global
	GlobalSection(SolutionConfigurationPlatforms) = preSolution
		Debug|Any CPU = Debug|Any CPU
		Release|Any CPU = Release|Any CPU
	EndGlobalSection
	GlobalSection(SolutionProperties) = preSolution
		HideSolutionNode = FALSE
	EndGlobalSection
	GlobalSection(ProjectConfigurationPlatforms) = postSolution
		{D3BE6FCA-8B6F-4C36-98E0-5A3309806EE6}.Debug|Any CPU.ActiveCfg = Debug|Any CPU
		{D3BE6FCA-8B6F-4C36-98E0-5A3309806EE6}.Debug|Any CPU.Build.0 = Debug|Any CPU
		{D3BE6FCA-8B6F-4C36-98E0-5A3309806EE6}.Release|Any CPU.ActiveCfg = Release|Any CPU
		{D3BE6FCA-8B6F-4C36-98E0-5A3309806EE6}.Release|Any CPU.Build.0 = Release|Any CPU
		{D358919B-8BAC-4D8D-9466-FBF7E1E39AAF}.Debug|Any CPU.ActiveCfg = Debug|Any CPU
		{D358919B-8BAC-4D8D-9466-FBF7E1E39AAF}.Debug|Any CPU.Build.0 = Debug|Any CPU
		{D358919B-8BAC-4D8D-9466-FBF7E1E39AAF}.Release|Any CPU.ActiveCfg = Release|Any CPU
		{D358919B-8BAC-4D8D-9466-FBF7E1E39AAF}.Release|Any CPU.Build.0 = Release|Any CPU
		{332778F9-6DEB-41E1-A96D-BB8FDF6E020C}.Debug|Any CPU.ActiveCfg = Debug|Any CPU
		{332778F9-6DEB-41E1-A96D-BB8FDF6E020C}.Debug|Any CPU.Build.0 = Debug|Any CPU
		{332778F9-6DEB-41E1-A96D-BB8FDF6E020C}.Release|Any CPU.ActiveCfg = Release|Any CPU
		{332778F9-6DEB-41E1-A96D-BB8FDF6E020C}.Release|Any CPU.Build.0 = Release|Any CPU
		{757411ED-83E4-49C3-8150-07E51A4A5CB6}.Debug|Any CPU.ActiveCfg = Debug|Any CPU
		{757411ED-83E4-49C3-8150-07E51A4A5CB6}.Debug|Any CPU.Build.0 = Debug|Any CPU
		{757411ED-83E4-49C3-8150-07E51A4A5CB6}.Release|Any CPU.ActiveCfg = Release|Any CPU
		{757411ED-83E4-49C3-8150-07E51A4A5CB6}.Release|Any CPU.Build.0 = Release|Any CPU
		{D67677A3-5505-4D98-B3C7-7A9CAAFE8A13}.Debug|Any CPU.ActiveCfg = Debug|Any CPU
		{D67677A3-5505-4D98-B3C7-7A9CAAFE8A13}.Debug|Any CPU.Build.0 = Debug|Any CPU
		{D67677A3-5505-4D98-B3C7-7A9CAAFE8A13}.Release|Any CPU.ActiveCfg = Release|Any CPU
		{D67677A3-5505-4D98-B3C7-7A9CAAFE8A13}.Release|Any CPU.Build.0 = Release|Any CPU
		{07B6675E-BAF3-4F53-AE91-937C1F24BACD}.Debug|Any CPU.ActiveCfg = Debug|Any CPU
		{07B6675E-BAF3-4F53-AE91-937C1F24BACD}.Debug|Any CPU.Build.0 = Debug|Any CPU
		{07B6675E-BAF3-4F53-AE91-937C1F24BACD}.Release|Any CPU.ActiveCfg = Release|Any CPU
		{07B6675E-BAF3-4F53-AE91-937C1F24BACD}.Release|Any CPU.Build.0 = Release|Any CPU
		{9BFB9B0F-6A4C-44F6-9C41-5077BD57C2B4}.Debug|Any CPU.ActiveCfg = Debug|Any CPU
		{9BFB9B0F-6A4C-44F6-9C41-5077BD57C2B4}.Debug|Any CPU.Build.0 = Debug|Any CPU
		{9BFB9B0F-6A4C-44F6-9C41-5077BD57C2B4}.Release|Any CPU.ActiveCfg = Release|Any CPU
		{9BFB9B0F-6A4C-44F6-9C41-5077BD57C2B4}.Release|Any CPU.Build.0 = Release|Any CPU
		{6905D65B-D06F-4AB0-AD13-0CA50BEE813C}.Debug|Any CPU.ActiveCfg = Debug|Any CPU
		{6905D65B-D06F-4AB0-AD13-0CA50BEE813C}.Debug|Any CPU.Build.0 = Debug|Any CPU
		{6905D65B-D06F-4AB0-AD13-0CA50BEE813C}.Release|Any CPU.ActiveCfg = Release|Any CPU
		{6905D65B-D06F-4AB0-AD13-0CA50BEE813C}.Release|Any CPU.Build.0 = Release|Any CPU
	EndGlobalSection
EndGlobal
